{
    "_readme": [
        "This file locks the dependencies of your project to a known state",
        "Read more about it at https://getcomposer.org/doc/01-basic-usage.md#installing-dependencies",
        "This file is @generated automatically"
    ],
    "content-hash": "780e89ccf82b6c5f7f67c757e18a0810",
    "packages": [
        {
            "name": "eternalphp/framework",
            "version": "dev-master",
            "source": {
                "type": "git",
                "url": "https://github.com/eternalphp/framework.git",
                "reference": "829385343ef2a2332d4f2450aff361f15e99901d"
            },
            "dist": {
                "type": "zip",
                "url": "https://api.github.com/repos/eternalphp/framework/zipball/829385343ef2a2332d4f2450aff361f15e99901d",
                "reference": "829385343ef2a2332d4f2450aff361f15e99901d",
                "shasum": ""
            },
            "require": {
                "php": ">=5.6"
            },
            "type": "library",
            "autoload": {
                "psr-4": {
                    "framework\\Database\\Connection\\": "src/framework/Database/Connection/",
                    "framework\\Database\\Schema\\": "src/framework/Database/Schema/",
                    "framework\\Database\\Eloquent\\": "src/framework/Database/Eloquent/"
                }
            },
            "notification-url": "https://packagist.org/downloads/",
            "license": [
                "MIT"
            ],
            "authors": [
                {
                    "name": "yuanzhongyi",
                    "email": "kld230@163.com"
                }
            ],
            "description": "eternalphp/framework",
            "keywords": [
                "framework"
            ],
            "time": "2019-08-16T14:16:09+00:00"
        },
        {
            "name": "eternalphp/wordcontrol",
            "version": "dev-master",
            "source": {
                "type": "git",
                "url": "https://github.com/eternalphp/wordControl.git",
                "reference": "32004490475d3682e7121e2c5925ab78c1f635e3"
            },
            "dist": {
                "type": "zip",
                "url": "https://api.github.com/repos/eternalphp/wordControl/zipball/32004490475d3682e7121e2c5925ab78c1f635e3",
                "reference": "32004490475d3682e7121e2c5925ab78c1f635e3",
                "shasum": ""
            },
            "require": {
                "php": ">=5.6"
            },
            "type": "library",
            "autoload": {
                "psr-4": {
                    "wordControl\\": "src/wordControl/"
                }
            },
            "notification-url": "https://packagist.org/downloads/",
            "license": [
                "MIT"
            ],
            "authors": [
                {
                    "name": "yuanzhongyi",
                    "email": "kld230@163.com"
                }
            ],
            "description": "wordControl,phpWord",
            "time": "2019-08-08T04:33:27+00:00"
        }
    ],
    "packages-dev": [],
    "aliases": [],
    "minimum-stability": "dev",
    "stability-flags": {
        "eternalphp/framework": 20,
        "eternalphp/wordcontrol": 20
    },
    "prefer-stable": false,
    "prefer-lowest": false,
    "platform": {
        "php": ">=5.6"
    },
    "platform-dev": []
}
